
Microsoft Visual Studio Solution File, Format Version 12.00
# Visual Studio 15
VisualStudioVersion = 15.0.27130.2003
MinimumVisualStudioVersion = 10.0.40219.1
Project("{FAE04EC0-301F-11D3-BF4B-00C04F79EFBC}") = "ConsoleAppMultipleDbContext", "ConsoleAppMultipleDbContext\ConsoleAppMultipleDbContext.csproj", "{C6F11EBB-779E-4D03-A672-D00C28DF5770}"
EndProject
Global
	GlobalSection(SolutionConfigurationPlatforms) = preSolution
		Debug|Any CPU = Debug|Any CPU
		Release|Any CPU = Release|Any CPU
	EndGlobalSection
	GlobalSection(ProjectConfigurationPlatforms) = postSolution
		{C6F11EBB-779E-4D03-A672-D00C28DF5770}.Debug|Any CPU.ActiveCfg = Debug|Any CPU
		{C6F11EBB-779E-4D03-A672-D00C28DF5770}.Debug|Any CPU.Build.0 = Debug|Any CPU
		{C6F11EBB-779E-4D03-A672-D00C28DF5770}.Release|Any CPU.ActiveCfg = Release|Any CPU
		{C6F11EBB-779E-4D03-A672-D00C28DF5770}.Release|Any CPU.Build.0 = Release|Any CPU
	EndGlobalSection
	GlobalSection(SolutionProperties) = preSolution
		HideSolutionNode = FALSE
	EndGlobalSection
	GlobalSection(ExtensibilityGlobals) = postSolution
		SolutionGuid = {FA4435D8-4CB6-4A7E-8523-AD7AAA7E3F82}
	EndGlobalSection
EndGlobal
